
Microsoft Visual Studio Solution File, Format Version 12.00
# Visual Studio Version 17
VisualStudioVersion = 17.6.33815.320
MinimumVisualStudioVersion = 10.0.40219.1
Project("{9A19103F-16F7-4668-BE54-9A1E7A4F7556}") = "WebAPI_Giris", "WebAPI_Giris.csproj", "{A6F29360-FE4E-4579-8006-09612E1658FD}"
EndProject
Global
	GlobalSection(SolutionConfigurationPlatforms) = preSolution
		Debug|Any CPU = Debug|Any CPU
		Release|Any CPU = Release|Any CPU
	EndGlobalSection
	GlobalSection(ProjectConfigurationPlatforms) = postSolution
		{A6F29360-FE4E-4579-8006-09612E1658FD}.Debug|Any CPU.ActiveCfg = Debug|Any CPU
		{A6F29360-FE4E-4579-8006-09612E1658FD}.Debug|Any CPU.Build.0 = Debug|Any CPU
		{A6F29360-FE4E-4579-8006-09612E1658FD}.Release|Any CPU.ActiveCfg = Release|Any CPU
		{A6F29360-FE4E-4579-8006-09612E1658FD}.Release|Any CPU.Build.0 = Release|Any CPU
	EndGlobalSection
	GlobalSection(SolutionProperties) = preSolution
		HideSolutionNode = FALSE
	EndGlobalSection
	GlobalSection(ExtensibilityGlobals) = postSolution
		SolutionGuid = {8EB51F5B-8F5E-468E-9D29-479234655818}
	EndGlobalSection
EndGlobal
